
Microsoft Visual Studio Solution File, Format Version 12.00
# Visual Studio Version 17
VisualStudioVersion = 17.4.33213.308
MinimumVisualStudioVersion = 10.0.40219.1
Project("{2150E333-8FDC-42A3-9474-1A3956D46DE8}") = ".shared", ".shared", "{E801E436-3418-4A71-9B19-FF9E0E15EE29}"
EndProject
Project("{2150E333-8FDC-42A3-9474-1A3956D46DE8}") = "api", "api", "{C65B3B80-7DA7-4895-B7DF-B4F93BA54305}"
EndProject
Project("{FAE04EC0-301F-11D3-BF4B-00C04F79EFBC}") = "Neredekal.RestHelper", ".shared\Neredekal.RestHelper\Neredekal.RestHelper.csproj", "{3079FD47-32CB-47DF-A5A7-2522AFA16ACE}"
EndProject
Project("{FAE04EC0-301F-11D3-BF4B-00C04F79EFBC}") = "Neredekal.Data", ".shared\Neredekal.Data\Neredekal.Data.csproj", "{CB223608-6C44-44B9-B726-4B039DF4E686}"
EndProject
Global
	GlobalSection(SolutionConfigurationPlatforms) = preSolution
		Debug|Any CPU = Debug|Any CPU
		Release|Any CPU = Release|Any CPU
	EndGlobalSection
	GlobalSection(ProjectConfigurationPlatforms) = postSolution
		{3079FD47-32CB-47DF-A5A7-2522AFA16ACE}.Debug|Any CPU.ActiveCfg = Debug|Any CPU
		{3079FD47-32CB-47DF-A5A7-2522AFA16ACE}.Debug|Any CPU.Build.0 = Debug|Any CPU
		{3079FD47-32CB-47DF-A5A7-2522AFA16ACE}.Release|Any CPU.ActiveCfg = Release|Any CPU
		{3079FD47-32CB-47DF-A5A7-2522AFA16ACE}.Release|Any CPU.Build.0 = Release|Any CPU
		{CB223608-6C44-44B9-B726-4B039DF4E686}.Debug|Any CPU.ActiveCfg = Debug|Any CPU
		{CB223608-6C44-44B9-B726-4B039DF4E686}.Debug|Any CPU.Build.0 = Debug|Any CPU
		{CB223608-6C44-44B9-B726-4B039DF4E686}.Release|Any CPU.ActiveCfg = Release|Any CPU
		{CB223608-6C44-44B9-B726-4B039DF4E686}.Release|Any CPU.Build.0 = Release|Any CPU
	EndGlobalSection
	GlobalSection(SolutionProperties) = preSolution
		HideSolutionNode = FALSE
	EndGlobalSection
	GlobalSection(NestedProjects) = preSolution
		{3079FD47-32CB-47DF-A5A7-2522AFA16ACE} = {E801E436-3418-4A71-9B19-FF9E0E15EE29}
		{CB223608-6C44-44B9-B726-4B039DF4E686} = {E801E436-3418-4A71-9B19-FF9E0E15EE29}
	EndGlobalSection
	GlobalSection(ExtensibilityGlobals) = postSolution
		SolutionGuid = {B66771FD-915F-4D35-A888-8234AED88527}
	EndGlobalSection
EndGlobal
