
Microsoft Visual Studio Solution File, Format Version 12.00
# Visual Studio Version 17
VisualStudioVersion = 17.4.33213.308
MinimumVisualStudioVersion = 10.0.40219.1
Project("{2150E333-8FDC-42A3-9474-1A3956D46DE8}") = ".shared", ".shared", "{E801E436-3418-4A71-9B19-FF9E0E15EE29}"
EndProject
Project("{9A19103F-16F7-4668-BE54-9A1E7A4F7556}") = "Neredekal.RestHelper", ".shared\Neredekal.RestHelper\Neredekal.RestHelper.csproj", "{3079FD47-32CB-47DF-A5A7-2522AFA16ACE}"
EndProject
Project("{9A19103F-16F7-4668-BE54-9A1E7A4F7556}") = "Neredekal.Data", ".shared\Neredekal.Data\Neredekal.Data.csproj", "{CB223608-6C44-44B9-B726-4B039DF4E686}"
EndProject
Project("{9A19103F-16F7-4668-BE54-9A1E7A4F7556}") = "Neredekal.Application", ".shared\Neredekal.Application\Neredekal.Application.csproj", "{7AE6DE95-1414-4201-AD96-ADD570178713}"
EndProject
Project("{2150E333-8FDC-42A3-9474-1A3956D46DE8}") = "Services", "Services", "{C637211B-A6D4-4F34-9AAD-22C6148FF976}"
EndProject
Project("{9A19103F-16F7-4668-BE54-9A1E7A4F7556}") = "Neredekal.Core", ".shared\Neredekal.Core\Neredekal.Core.csproj", "{20082A65-398A-4F8B-8A89-28B1B1D1185B}"
EndProject
Project("{2150E333-8FDC-42A3-9474-1A3956D46DE8}") = "AuthAPI", "AuthAPI", "{E5E59B7E-4D11-4026-B5D2-B7FF2E880F48}"
EndProject
Project("{9A19103F-16F7-4668-BE54-9A1E7A4F7556}") = "Neredekal.AuthAPI.Models", "Services\AuthAPI\Neredekal.AuthAPI.Models\Neredekal.AuthAPI.Models.csproj", "{0BCAA88E-72A1-4017-B557-47C54CBC02E2}"
EndProject
Project("{9A19103F-16F7-4668-BE54-9A1E7A4F7556}") = "Neredekal.Auth.API", "Services\AuthAPI\Neredekal.Auth.API\Neredekal.Auth.API.csproj", "{1E2232DA-1892-451A-AB08-D565B1CEE280}"
EndProject
Project("{2150E333-8FDC-42A3-9474-1A3956D46DE8}") = "UserAPI", "UserAPI", "{2DA13799-A98C-4CF4-9018-0F4A4C705746}"
EndProject
Project("{9A19103F-16F7-4668-BE54-9A1E7A4F7556}") = "Neredekal.User.API", "Services\UserAPI\Neredekal.User.API\Neredekal.User.API.csproj", "{3A12BA10-8612-433D-94E8-BBD5FE6A6A43}"
EndProject
Project("{9A19103F-16F7-4668-BE54-9A1E7A4F7556}") = "Neredekal.UserAPI.Models", "Services\UserAPI\Neredekal.UserAPI.Models\Neredekal.UserAPI.Models.csproj", "{457C8F08-4626-4E22-9E84-1D98BF6D6928}"
EndProject
Project("{9A19103F-16F7-4668-BE54-9A1E7A4F7556}") = "Neredekal.UserAPI.Service", "Services\UserAPI\Neredekal.UserAPI.Service\Neredekal.UserAPI.Service.csproj", "{C4553463-27EF-4A53-8EBE-598D3F9A4B38}"
EndProject
Project("{9A19103F-16F7-4668-BE54-9A1E7A4F7556}") = "Neredekal.AuthAPI.Service", "Services\AuthAPI\Neredekal.AuthAPI.Service\Neredekal.AuthAPI.Service.csproj", "{47C60100-E314-4504-8431-2A20BBA123A2}"
EndProject
Project("{9A19103F-16F7-4668-BE54-9A1E7A4F7556}") = "Neredekal.Gateway.API", "Neredekal.Gateway.API\Neredekal.Gateway.API.csproj", "{F6819AB2-FBA4-474E-9742-77EC467E8877}"
EndProject
Project("{2150E333-8FDC-42A3-9474-1A3956D46DE8}") = "ProductAPI", "ProductAPI", "{D67083BC-523F-4C0C-90C1-B8619AB4DA62}"
EndProject
Project("{9A19103F-16F7-4668-BE54-9A1E7A4F7556}") = "Neredekal.ProductAPI.Models", "Services\ProductAPI\Neredekal.ProductAPI.Models\Neredekal.ProductAPI.Models.csproj", "{52B235B7-5C58-4B1B-9F1D-0B6CCB64DEB4}"
EndProject
Project("{9A19103F-16F7-4668-BE54-9A1E7A4F7556}") = "Neredekal.ProductAPI.Service", "Services\ProductAPI\Neredekal.ProductAPI.Service\Neredekal.ProductAPI.Service.csproj", "{8371BCC0-8F2E-4A4F-B377-77DE5A29C1DE}"
EndProject
Project("{9A19103F-16F7-4668-BE54-9A1E7A4F7556}") = "Neredekal.Product.API", "Services\ProductAPI\Neredekal.Product.API\Neredekal.Product.API.csproj", "{C1AB63D3-7742-4A62-A6F8-76E96643854A}"
EndProject
Project("{9A19103F-16F7-4668-BE54-9A1E7A4F7556}") = "Neredekal.ProductAPI.Consumer", "Services\ProductAPI\Neredekal.ProductAPI.Consumer\Neredekal.ProductAPI.Consumer.csproj", "{16F226B3-1C94-4483-A8C0-5B5E8BA33059}"
EndProject
Project("{2150E333-8FDC-42A3-9474-1A3956D46DE8}") = "Solution Items", "Solution Items", "{08ED6667-3083-4BFC-80FE-5B5BD0C6C747}"
	ProjectSection(SolutionItems) = preProject
		..\..\..\Desktop\readme.md = ..\..\..\Desktop\readme.md
	EndProjectSection
EndProject
Global
	GlobalSection(SolutionConfigurationPlatforms) = preSolution
		Debug|Any CPU = Debug|Any CPU
		Release|Any CPU = Release|Any CPU
	EndGlobalSection
	GlobalSection(ProjectConfigurationPlatforms) = postSolution
		{3079FD47-32CB-47DF-A5A7-2522AFA16ACE}.Debug|Any CPU.ActiveCfg = Debug|Any CPU
		{3079FD47-32CB-47DF-A5A7-2522AFA16ACE}.Debug|Any CPU.Build.0 = Debug|Any CPU
		{3079FD47-32CB-47DF-A5A7-2522AFA16ACE}.Release|Any CPU.ActiveCfg = Release|Any CPU
		{3079FD47-32CB-47DF-A5A7-2522AFA16ACE}.Release|Any CPU.Build.0 = Release|Any CPU
		{CB223608-6C44-44B9-B726-4B039DF4E686}.Debug|Any CPU.ActiveCfg = Debug|Any CPU
		{CB223608-6C44-44B9-B726-4B039DF4E686}.Debug|Any CPU.Build.0 = Debug|Any CPU
		{CB223608-6C44-44B9-B726-4B039DF4E686}.Release|Any CPU.ActiveCfg = Release|Any CPU
		{CB223608-6C44-44B9-B726-4B039DF4E686}.Release|Any CPU.Build.0 = Release|Any CPU
		{7AE6DE95-1414-4201-AD96-ADD570178713}.Debug|Any CPU.ActiveCfg = Debug|Any CPU
		{7AE6DE95-1414-4201-AD96-ADD570178713}.Debug|Any CPU.Build.0 = Debug|Any CPU
		{7AE6DE95-1414-4201-AD96-ADD570178713}.Release|Any CPU.ActiveCfg = Release|Any CPU
		{7AE6DE95-1414-4201-AD96-ADD570178713}.Release|Any CPU.Build.0 = Release|Any CPU
		{20082A65-398A-4F8B-8A89-28B1B1D1185B}.Debug|Any CPU.ActiveCfg = Debug|Any CPU
		{20082A65-398A-4F8B-8A89-28B1B1D1185B}.Debug|Any CPU.Build.0 = Debug|Any CPU
		{20082A65-398A-4F8B-8A89-28B1B1D1185B}.Release|Any CPU.ActiveCfg = Release|Any CPU
		{20082A65-398A-4F8B-8A89-28B1B1D1185B}.Release|Any CPU.Build.0 = Release|Any CPU
		{0BCAA88E-72A1-4017-B557-47C54CBC02E2}.Debug|Any CPU.ActiveCfg = Debug|Any CPU
		{0BCAA88E-72A1-4017-B557-47C54CBC02E2}.Debug|Any CPU.Build.0 = Debug|Any CPU
		{0BCAA88E-72A1-4017-B557-47C54CBC02E2}.Release|Any CPU.ActiveCfg = Release|Any CPU
		{0BCAA88E-72A1-4017-B557-47C54CBC02E2}.Release|Any CPU.Build.0 = Release|Any CPU
		{1E2232DA-1892-451A-AB08-D565B1CEE280}.Debug|Any CPU.ActiveCfg = Debug|Any CPU
		{1E2232DA-1892-451A-AB08-D565B1CEE280}.Debug|Any CPU.Build.0 = Debug|Any CPU
		{1E2232DA-1892-451A-AB08-D565B1CEE280}.Release|Any CPU.ActiveCfg = Release|Any CPU
		{1E2232DA-1892-451A-AB08-D565B1CEE280}.Release|Any CPU.Build.0 = Release|Any CPU
		{3A12BA10-8612-433D-94E8-BBD5FE6A6A43}.Debug|Any CPU.ActiveCfg = Debug|Any CPU
		{3A12BA10-8612-433D-94E8-BBD5FE6A6A43}.Debug|Any CPU.Build.0 = Debug|Any CPU
		{3A12BA10-8612-433D-94E8-BBD5FE6A6A43}.Release|Any CPU.ActiveCfg = Release|Any CPU
		{3A12BA10-8612-433D-94E8-BBD5FE6A6A43}.Release|Any CPU.Build.0 = Release|Any CPU
		{457C8F08-4626-4E22-9E84-1D98BF6D6928}.Debug|Any CPU.ActiveCfg = Debug|Any CPU
		{457C8F08-4626-4E22-9E84-1D98BF6D6928}.Debug|Any CPU.Build.0 = Debug|Any CPU
		{457C8F08-4626-4E22-9E84-1D98BF6D6928}.Release|Any CPU.ActiveCfg = Release|Any CPU
		{457C8F08-4626-4E22-9E84-1D98BF6D6928}.Release|Any CPU.Build.0 = Release|Any CPU
		{C4553463-27EF-4A53-8EBE-598D3F9A4B38}.Debug|Any CPU.ActiveCfg = Debug|Any CPU
		{C4553463-27EF-4A53-8EBE-598D3F9A4B38}.Debug|Any CPU.Build.0 = Debug|Any CPU
		{C4553463-27EF-4A53-8EBE-598D3F9A4B38}.Release|Any CPU.ActiveCfg = Release|Any CPU
		{C4553463-27EF-4A53-8EBE-598D3F9A4B38}.Release|Any CPU.Build.0 = Release|Any CPU
		{47C60100-E314-4504-8431-2A20BBA123A2}.Debug|Any CPU.ActiveCfg = Debug|Any CPU
		{47C60100-E314-4504-8431-2A20BBA123A2}.Debug|Any CPU.Build.0 = Debug|Any CPU
		{47C60100-E314-4504-8431-2A20BBA123A2}.Release|Any CPU.ActiveCfg = Release|Any CPU
		{47C60100-E314-4504-8431-2A20BBA123A2}.Release|Any CPU.Build.0 = Release|Any CPU
		{F6819AB2-FBA4-474E-9742-77EC467E8877}.Debug|Any CPU.ActiveCfg = Debug|Any CPU
		{F6819AB2-FBA4-474E-9742-77EC467E8877}.Debug|Any CPU.Build.0 = Debug|Any CPU
		{F6819AB2-FBA4-474E-9742-77EC467E8877}.Release|Any CPU.ActiveCfg = Release|Any CPU
		{F6819AB2-FBA4-474E-9742-77EC467E8877}.Release|Any CPU.Build.0 = Release|Any CPU
		{52B235B7-5C58-4B1B-9F1D-0B6CCB64DEB4}.Debug|Any CPU.ActiveCfg = Debug|Any CPU
		{52B235B7-5C58-4B1B-9F1D-0B6CCB64DEB4}.Debug|Any CPU.Build.0 = Debug|Any CPU
		{52B235B7-5C58-4B1B-9F1D-0B6CCB64DEB4}.Release|Any CPU.ActiveCfg = Release|Any CPU
		{52B235B7-5C58-4B1B-9F1D-0B6CCB64DEB4}.Release|Any CPU.Build.0 = Release|Any CPU
		{8371BCC0-8F2E-4A4F-B377-77DE5A29C1DE}.Debug|Any CPU.ActiveCfg = Debug|Any CPU
		{8371BCC0-8F2E-4A4F-B377-77DE5A29C1DE}.Debug|Any CPU.Build.0 = Debug|Any CPU
		{8371BCC0-8F2E-4A4F-B377-77DE5A29C1DE}.Release|Any CPU.ActiveCfg = Release|Any CPU
		{8371BCC0-8F2E-4A4F-B377-77DE5A29C1DE}.Release|Any CPU.Build.0 = Release|Any CPU
		{C1AB63D3-7742-4A62-A6F8-76E96643854A}.Debug|Any CPU.ActiveCfg = Debug|Any CPU
		{C1AB63D3-7742-4A62-A6F8-76E96643854A}.Debug|Any CPU.Build.0 = Debug|Any CPU
		{C1AB63D3-7742-4A62-A6F8-76E96643854A}.Release|Any CPU.ActiveCfg = Release|Any CPU
		{C1AB63D3-7742-4A62-A6F8-76E96643854A}.Release|Any CPU.Build.0 = Release|Any CPU
		{16F226B3-1C94-4483-A8C0-5B5E8BA33059}.Debug|Any CPU.ActiveCfg = Debug|Any CPU
		{16F226B3-1C94-4483-A8C0-5B5E8BA33059}.Debug|Any CPU.Build.0 = Debug|Any CPU
		{16F226B3-1C94-4483-A8C0-5B5E8BA33059}.Release|Any CPU.ActiveCfg = Release|Any CPU
		{16F226B3-1C94-4483-A8C0-5B5E8BA33059}.Release|Any CPU.Build.0 = Release|Any CPU
	EndGlobalSection
	GlobalSection(SolutionProperties) = preSolution
		HideSolutionNode = FALSE
	EndGlobalSection
	GlobalSection(NestedProjects) = preSolution
		{3079FD47-32CB-47DF-A5A7-2522AFA16ACE} = {E801E436-3418-4A71-9B19-FF9E0E15EE29}
		{CB223608-6C44-44B9-B726-4B039DF4E686} = {E801E436-3418-4A71-9B19-FF9E0E15EE29}
		{7AE6DE95-1414-4201-AD96-ADD570178713} = {E801E436-3418-4A71-9B19-FF9E0E15EE29}
		{20082A65-398A-4F8B-8A89-28B1B1D1185B} = {E801E436-3418-4A71-9B19-FF9E0E15EE29}
		{E5E59B7E-4D11-4026-B5D2-B7FF2E880F48} = {C637211B-A6D4-4F34-9AAD-22C6148FF976}
		{0BCAA88E-72A1-4017-B557-47C54CBC02E2} = {E5E59B7E-4D11-4026-B5D2-B7FF2E880F48}
		{1E2232DA-1892-451A-AB08-D565B1CEE280} = {E5E59B7E-4D11-4026-B5D2-B7FF2E880F48}
		{2DA13799-A98C-4CF4-9018-0F4A4C705746} = {C637211B-A6D4-4F34-9AAD-22C6148FF976}
		{3A12BA10-8612-433D-94E8-BBD5FE6A6A43} = {2DA13799-A98C-4CF4-9018-0F4A4C705746}
		{457C8F08-4626-4E22-9E84-1D98BF6D6928} = {2DA13799-A98C-4CF4-9018-0F4A4C705746}
		{C4553463-27EF-4A53-8EBE-598D3F9A4B38} = {2DA13799-A98C-4CF4-9018-0F4A4C705746}
		{47C60100-E314-4504-8431-2A20BBA123A2} = {E5E59B7E-4D11-4026-B5D2-B7FF2E880F48}
		{D67083BC-523F-4C0C-90C1-B8619AB4DA62} = {C637211B-A6D4-4F34-9AAD-22C6148FF976}
		{52B235B7-5C58-4B1B-9F1D-0B6CCB64DEB4} = {D67083BC-523F-4C0C-90C1-B8619AB4DA62}
		{8371BCC0-8F2E-4A4F-B377-77DE5A29C1DE} = {D67083BC-523F-4C0C-90C1-B8619AB4DA62}
		{C1AB63D3-7742-4A62-A6F8-76E96643854A} = {D67083BC-523F-4C0C-90C1-B8619AB4DA62}
		{16F226B3-1C94-4483-A8C0-5B5E8BA33059} = {D67083BC-523F-4C0C-90C1-B8619AB4DA62}
	EndGlobalSection
	GlobalSection(ExtensibilityGlobals) = postSolution
		SolutionGuid = {B66771FD-915F-4D35-A888-8234AED88527}
	EndGlobalSection
EndGlobal
